
Microsoft Visual Studio Solution File, Format Version 12.00
# Visual Studio Version 16
VisualStudioVersion = 16.0.31729.503
MinimumVisualStudioVersion = 10.0.40219.1
Project("{FAE04EC0-301F-11D3-BF4B-00C04F79EFBC}") = "Ausky.GridMaster", "Ausky.GridMaster\Ausky.GridMaster.csproj", "{12336CB9-C0FA-4A67-B2DA-B6279C93001E}"
EndProject
Project("{FAE04EC0-301F-11D3-BF4B-00C04F79EFBC}") = "Ausky.Imager", "Ausky.Imager\Ausky.Imager.csproj", "{1E9F8D5D-5C1A-4B4A-BBC5-E1F26CC75EE1}"
EndProject
Global
	GlobalSection(SolutionConfigurationPlatforms) = preSolution
		Debug|Any CPU = Debug|Any CPU
		Release|Any CPU = Release|Any CPU
	EndGlobalSection
	GlobalSection(ProjectConfigurationPlatforms) = postSolution
		{12336CB9-C0FA-4A67-B2DA-B6279C93001E}.Debug|Any CPU.ActiveCfg = Debug|Any CPU
		{12336CB9-C0FA-4A67-B2DA-B6279C93001E}.Debug|Any CPU.Build.0 = Debug|Any CPU
		{12336CB9-C0FA-4A67-B2DA-B6279C93001E}.Release|Any CPU.ActiveCfg = Release|Any CPU
		{12336CB9-C0FA-4A67-B2DA-B6279C93001E}.Release|Any CPU.Build.0 = Release|Any CPU
		{1E9F8D5D-5C1A-4B4A-BBC5-E1F26CC75EE1}.Debug|Any CPU.ActiveCfg = Debug|Any CPU
		{1E9F8D5D-5C1A-4B4A-BBC5-E1F26CC75EE1}.Debug|Any CPU.Build.0 = Debug|Any CPU
		{1E9F8D5D-5C1A-4B4A-BBC5-E1F26CC75EE1}.Release|Any CPU.ActiveCfg = Release|Any CPU
		{1E9F8D5D-5C1A-4B4A-BBC5-E1F26CC75EE1}.Release|Any CPU.Build.0 = Release|Any CPU
	EndGlobalSection
	GlobalSection(SolutionProperties) = preSolution
		HideSolutionNode = FALSE
	EndGlobalSection
	GlobalSection(ExtensibilityGlobals) = postSolution
		SolutionGuid = {1C25B236-07E4-4381-B100-6E363319CBA7}
	EndGlobalSection
EndGlobal
