
Microsoft Visual Studio Solution File, Format Version 12.00
# Visual Studio Version 17
VisualStudioVersion = 17.0.31912.275
MinimumVisualStudioVersion = 10.0.40219.1
Project("{9A19103F-16F7-4668-BE54-9A1E7A4F7556}") = "Ausky.GridMaster", "Ausky.GridMaster\Ausky.GridMaster.csproj", "{7AE158F0-8DD0-4241-B91C-CFA928DA2173}"
EndProject
Global
	GlobalSection(SolutionConfigurationPlatforms) = preSolution
		Debug|Any CPU = Debug|Any CPU
		Release|Any CPU = Release|Any CPU
	EndGlobalSection
	GlobalSection(ProjectConfigurationPlatforms) = postSolution
		{7AE158F0-8DD0-4241-B91C-CFA928DA2173}.Debug|Any CPU.ActiveCfg = Debug|Any CPU
		{7AE158F0-8DD0-4241-B91C-CFA928DA2173}.Debug|Any CPU.Build.0 = Debug|Any CPU
		{7AE158F0-8DD0-4241-B91C-CFA928DA2173}.Release|Any CPU.ActiveCfg = Release|Any CPU
		{7AE158F0-8DD0-4241-B91C-CFA928DA2173}.Release|Any CPU.Build.0 = Release|Any CPU
	EndGlobalSection
	GlobalSection(SolutionProperties) = preSolution
		HideSolutionNode = FALSE
	EndGlobalSection
	GlobalSection(ExtensibilityGlobals) = postSolution
		SolutionGuid = {1C25B236-07E4-4381-B100-6E363319CBA7}
	EndGlobalSection
EndGlobal
